// !$*UTF8*$!
{
	archiveVersion = 1;
	classes = {
	};
	objectVersion = 77;
	objects = {

/* Begin PBXBuildFile section */
		CA61FA5E2D50F747007288FC /* WidgetKit.framework in Frameworks */ = {isa = PBXBuildFile; fileRef = CA61FA5D2D50F747007288FC /* WidgetKit.framework */; };
		CA61FA602D50F747007288FC /* SwiftUI.framework in Frameworks */ = {isa = PBXBuildFile; fileRef = CA61FA5F2D50F747007288FC /* SwiftUI.framework */; };
		CA61FA6B2D50F748007288FC /* LichtSpielWidgetExtension.appex in Embed Foundation Extensions */ = {isa = PBXBuildFile; fileRef = CA61FA5C2D50F747007288FC /* LichtSpielWidgetExtension.appex */; settings = {ATTRIBUTES = (RemoveHeadersOnCopy, ); }; };
		CA7916652D491D97004DC457 /* LichtSpielPackage in Frameworks */ = {isa = PBXBuildFile; productRef = CA7916642D491D97004DC457 /* LichtSpielPackage */; };
/* End PBXBuildFile section */

/* Begin PBXContainerItemProxy section */
		CA61FA692D50F748007288FC /* PBXContainerItemProxy */ = {
			isa = PBXContainerItemProxy;
			containerPortal = CA79145B2D480129004DC457 /* Project object */;
			proxyType = 1;
			remoteGlobalIDString = CA61FA5B2D50F747007288FC;
			remoteInfo = LichtSpielWidgetExtension;
		};
/* End PBXContainerItemProxy section */

/* Begin PBXCopyFilesBuildPhase section */
		CA52AD392D50BC1800BB54BF /* Embed ExtensionKit Extensions */ = {
			isa = PBXCopyFilesBuildPhase;
			buildActionMask = 2147483647;
			dstPath = "$(EXTENSIONS_FOLDER_PATH)";
			dstSubfolderSpec = 16;
			files = (
			);
			name = "Embed ExtensionKit Extensions";
			runOnlyForDeploymentPostprocessing = 0;
		};
		CA61FA702D50F748007288FC /* Embed Foundation Extensions */ = {
			isa = PBXCopyFilesBuildPhase;
			buildActionMask = 2147483647;
			dstPath = "";
			dstSubfolderSpec = 13;
			files = (
				CA61FA6B2D50F748007288FC /* LichtSpielWidgetExtension.appex in Embed Foundation Extensions */,
			);
			name = "Embed Foundation Extensions";
			runOnlyForDeploymentPostprocessing = 0;
		};
/* End PBXCopyFilesBuildPhase section */

/* Begin PBXFileReference section */
		CA61FA5C2D50F747007288FC /* LichtSpielWidgetExtension.appex */ = {isa = PBXFileReference; explicitFileType = "wrapper.app-extension"; includeInIndex = 0; path = LichtSpielWidgetExtension.appex; sourceTree = BUILT_PRODUCTS_DIR; };
		CA61FA5D2D50F747007288FC /* WidgetKit.framework */ = {isa = PBXFileReference; lastKnownFileType = wrapper.framework; name = WidgetKit.framework; path = System/Library/Frameworks/WidgetKit.framework; sourceTree = SDKROOT; };
		CA61FA5F2D50F747007288FC /* SwiftUI.framework */ = {isa = PBXFileReference; lastKnownFileType = wrapper.framework; name = SwiftUI.framework; path = System/Library/Frameworks/SwiftUI.framework; sourceTree = SDKROOT; };
		CA7914632D480129004DC457 /* LichtSpiel.app */ = {isa = PBXFileReference; explicitFileType = wrapper.application; includeInIndex = 0; path = LichtSpiel.app; sourceTree = BUILT_PRODUCTS_DIR; };
/* End PBXFileReference section */

/* Begin PBXFileSystemSynchronizedBuildFileExceptionSet section */
		CA61FA6F2D50F748007288FC /* Exceptions for "LichtSpielWidget" folder in "LichtSpielWidgetExtension" target */ = {
			isa = PBXFileSystemSynchronizedBuildFileExceptionSet;
			membershipExceptions = (
				Info.plist,
			);
			target = CA61FA5B2D50F747007288FC /* LichtSpielWidgetExtension */;
		};
		CA61FA732D50F7CB007288FC /* Exceptions for "LichtSpiel" folder in "LichtSpielWidgetExtension" target */ = {
			isa = PBXFileSystemSynchronizedBuildFileExceptionSet;
			membershipExceptions = (
				Intents/LichtSpielCaptureIntent.swift,
			);
			target = CA61FA5B2D50F747007288FC /* LichtSpielWidgetExtension */;
		};
		CA6DE9AC2D4CE9D100E3E186 /* Exceptions for "LichtSpiel" folder in "LichtSpiel" target */ = {
			isa = PBXFileSystemSynchronizedBuildFileExceptionSet;
			membershipExceptions = (
				Info.plist,
			);
			target = CA7914622D480129004DC457 /* LichtSpiel */;
		};
		CA7916572D491D80004DC457 /* Exceptions for "Packages" folder in "LichtSpiel" target */ = {
			isa = PBXFileSystemSynchronizedBuildFileExceptionSet;
			membershipExceptions = (
				LichtSpielPackage,
			);
			target = CA7914622D480129004DC457 /* LichtSpiel */;
		};
/* End PBXFileSystemSynchronizedBuildFileExceptionSet section */

/* Begin PBXFileSystemSynchronizedRootGroup section */
		CA61FA612D50F747007288FC /* LichtSpielWidget */ = {
			isa = PBXFileSystemSynchronizedRootGroup;
			exceptions = (
				CA61FA6F2D50F748007288FC /* Exceptions for "LichtSpielWidget" folder in "LichtSpielWidgetExtension" target */,
			);
			path = LichtSpielWidget;
			sourceTree = "<group>";
		};
		CA7914652D480129004DC457 /* LichtSpiel */ = {
			isa = PBXFileSystemSynchronizedRootGroup;
			exceptions = (
				CA6DE9AC2D4CE9D100E3E186 /* Exceptions for "LichtSpiel" folder in "LichtSpiel" target */,
				CA61FA732D50F7CB007288FC /* Exceptions for "LichtSpiel" folder in "LichtSpielWidgetExtension" target */,
			);
			path = LichtSpiel;
			sourceTree = "<group>";
		};
		CA7916562D491D80004DC457 /* Packages */ = {
			isa = PBXFileSystemSynchronizedRootGroup;
			exceptions = (
				CA7916572D491D80004DC457 /* Exceptions for "Packages" folder in "LichtSpiel" target */,
			);
			path = Packages;
			sourceTree = "<group>";
		};
/* End PBXFileSystemSynchronizedRootGroup section */

/* Begin PBXFrameworksBuildPhase section */
		CA61FA592D50F747007288FC /* Frameworks */ = {
			isa = PBXFrameworksBuildPhase;
			buildActionMask = 2147483647;
			files = (
				CA61FA602D50F747007288FC /* SwiftUI.framework in Frameworks */,
				CA61FA5E2D50F747007288FC /* WidgetKit.framework in Frameworks */,
			);
			runOnlyForDeploymentPostprocessing = 0;
		};
		CA7914602D480129004DC457 /* Frameworks */ = {
			isa = PBXFrameworksBuildPhase;
			buildActionMask = 2147483647;
			files = (
				CA7916652D491D97004DC457 /* LichtSpielPackage in Frameworks */,
			);
			runOnlyForDeploymentPostprocessing = 0;
		};
/* End PBXFrameworksBuildPhase section */

/* Begin PBXGroup section */
		CA79145A2D480129004DC457 = {
			isa = PBXGroup;
			children = (
				CA7916562D491D80004DC457 /* Packages */,
				CA7914652D480129004DC457 /* LichtSpiel */,
				CA61FA612D50F747007288FC /* LichtSpielWidget */,
				CA7916632D491D97004DC457 /* Frameworks */,
				CA7914642D480129004DC457 /* Products */,
			);
			sourceTree = "<group>";
		};
		CA7914642D480129004DC457 /* Products */ = {
			isa = PBXGroup;
			children = (
				CA7914632D480129004DC457 /* LichtSpiel.app */,
				CA61FA5C2D50F747007288FC /* LichtSpielWidgetExtension.appex */,
			);
			name = Products;
			sourceTree = "<group>";
		};
		CA7916632D491D97004DC457 /* Frameworks */ = {
			isa = PBXGroup;
			children = (
				CA61FA5D2D50F747007288FC /* WidgetKit.framework */,
				CA61FA5F2D50F747007288FC /* SwiftUI.framework */,
			);
			name = Frameworks;
			sourceTree = "<group>";
		};
/* End PBXGroup section */

/* Begin PBXNativeTarget section */
		CA61FA5B2D50F747007288FC /* LichtSpielWidgetExtension */ = {
			isa = PBXNativeTarget;
			buildConfigurationList = CA61FA6C2D50F748007288FC /* Build configuration list for PBXNativeTarget "LichtSpielWidgetExtension" */;
			buildPhases = (
				CA61FA582D50F747007288FC /* Sources */,
				CA61FA592D50F747007288FC /* Frameworks */,
				CA61FA5A2D50F747007288FC /* Resources */,
			);
			buildRules = (
			);
			dependencies = (
			);
			fileSystemSynchronizedGroups = (
				CA61FA612D50F747007288FC /* LichtSpielWidget */,
			);
			name = LichtSpielWidgetExtension;
			packageProductDependencies = (
			);
			productName = LichtSpielWidgetExtension;
			productReference = CA61FA5C2D50F747007288FC /* LichtSpielWidgetExtension.appex */;
			productType = "com.apple.product-type.app-extension";
		};
		CA7914622D480129004DC457 /* LichtSpiel */ = {
			isa = PBXNativeTarget;
			buildConfigurationList = CA7914712D48012A004DC457 /* Build configuration list for PBXNativeTarget "LichtSpiel" */;
			buildPhases = (
				CA79145F2D480129004DC457 /* Sources */,
				CA7914602D480129004DC457 /* Frameworks */,
				CA7914612D480129004DC457 /* Resources */,
				CA52AD392D50BC1800BB54BF /* Embed ExtensionKit Extensions */,
				CA61FA702D50F748007288FC /* Embed Foundation Extensions */,
			);
			buildRules = (
			);
			dependencies = (
				CA61FA6A2D50F748007288FC /* PBXTargetDependency */,
			);
			fileSystemSynchronizedGroups = (
				CA7914652D480129004DC457 /* LichtSpiel */,
				CA7916562D491D80004DC457 /* Packages */,
			);
			name = LichtSpiel;
			packageProductDependencies = (
				CA7916642D491D97004DC457 /* LichtSpielPackage */,
			);
			productName = LichtSpiel;
			productReference = CA7914632D480129004DC457 /* LichtSpiel.app */;
			productType = "com.apple.product-type.application";
		};
/* End PBXNativeTarget section */

/* Begin PBXProject section */
		CA79145B2D480129004DC457 /* Project object */ = {
			isa = PBXProject;
			attributes = {
				BuildIndependentTargetsInParallel = 1;
				LastSwiftUpdateCheck = 1610;
				LastUpgradeCheck = 1610;
				ORGANIZATIONNAME = "x-0o0";
				TargetAttributes = {
					CA61FA5B2D50F747007288FC = {
						CreatedOnToolsVersion = 16.1;
					};
					CA7914622D480129004DC457 = {
						CreatedOnToolsVersion = 16.1;
					};
				};
			};
			buildConfigurationList = CA79145E2D480129004DC457 /* Build configuration list for PBXProject "LichtSpiel" */;
			developmentRegion = ko;
			hasScannedForEncodings = 0;
			knownRegions = (
				Base,
				ko,
				ja,
				en,
				de,
			);
			mainGroup = CA79145A2D480129004DC457;
			minimizedProjectReferenceProxies = 1;
			preferredProjectObjectVersion = 77;
			productRefGroup = CA7914642D480129004DC457 /* Products */;
			projectDirPath = "";
			projectRoot = "";
			targets = (
				CA7914622D480129004DC457 /* LichtSpiel */,
				CA61FA5B2D50F747007288FC /* LichtSpielWidgetExtension */,
			);
		};
/* End PBXProject section */

/* Begin PBXResourcesBuildPhase section */
		CA61FA5A2D50F747007288FC /* Resources */ = {
			isa = PBXResourcesBuildPhase;
			buildActionMask = 2147483647;
			files = (
			);
			runOnlyForDeploymentPostprocessing = 0;
		};
		CA7914612D480129004DC457 /* Resources */ = {
			isa = PBXResourcesBuildPhase;
			buildActionMask = 2147483647;
			files = (
			);
			runOnlyForDeploymentPostprocessing = 0;
		};
/* End PBXResourcesBuildPhase section */

/* Begin PBXSourcesBuildPhase section */
		CA61FA582D50F747007288FC /* Sources */ = {
			isa = PBXSourcesBuildPhase;
			buildActionMask = 2147483647;
			files = (
			);
			runOnlyForDeploymentPostprocessing = 0;
		};
		CA79145F2D480129004DC457 /* Sources */ = {
			isa = PBXSourcesBuildPhase;
			buildActionMask = 2147483647;
			files = (
			);
			runOnlyForDeploymentPostprocessing = 0;
		};
/* End PBXSourcesBuildPhase section */

/* Begin PBXTargetDependency section */
		CA61FA6A2D50F748007288FC /* PBXTargetDependency */ = {
			isa = PBXTargetDependency;
			target = CA61FA5B2D50F747007288FC /* LichtSpielWidgetExtension */;
			targetProxy = CA61FA692D50F748007288FC /* PBXContainerItemProxy */;
		};
/* End PBXTargetDependency section */

/* Begin XCBuildConfiguration section */
		CA61FA6D2D50F748007288FC /* Debug */ = {
			isa = XCBuildConfiguration;
			buildSettings = {
				ASSETCATALOG_COMPILER_GLOBAL_ACCENT_COLOR_NAME = AccentColor;
				ASSETCATALOG_COMPILER_WIDGET_BACKGROUND_COLOR_NAME = WidgetBackground;
				CODE_SIGN_STYLE = Automatic;
				CURRENT_PROJECT_VERSION = 202502051900;
				DEVELOPMENT_TEAM = 77CD4KLN3Y;
				GENERATE_INFOPLIST_FILE = YES;
				INFOPLIST_FILE = LichtSpielWidget/Info.plist;
				INFOPLIST_KEY_CFBundleDisplayName = LichtSpielWidget;
				INFOPLIST_KEY_NSHumanReadableCopyright = "Copyright © 2025 x-0o0. All rights reserved.";
				IPHONEOS_DEPLOYMENT_TARGET = 18.0;
				LD_RUNPATH_SEARCH_PATHS = (
					"$(inherited)",
					"@executable_path/Frameworks",
					"@executable_path/../../Frameworks",
				);
				MARKETING_VERSION = 1.2.0;
				PRODUCT_BUNDLE_IDENTIFIER = com.lichtspiel.filmcafe.app.widget;
				PRODUCT_NAME = "$(TARGET_NAME)";
				SKIP_INSTALL = YES;
				SWIFT_EMIT_LOC_STRINGS = YES;
				SWIFT_VERSION = 5.0;
				TARGETED_DEVICE_FAMILY = "1,2";
			};
			name = Debug;
		};
		CA61FA6E2D50F748007288FC /* Release */ = {
			isa = XCBuildConfiguration;
			buildSettings = {
				ASSETCATALOG_COMPILER_GLOBAL_ACCENT_COLOR_NAME = AccentColor;
				ASSETCATALOG_COMPILER_WIDGET_BACKGROUND_COLOR_NAME = WidgetBackground;
				CODE_SIGN_STYLE = Automatic;
				CURRENT_PROJECT_VERSION = 202502051900;
				DEVELOPMENT_TEAM = 77CD4KLN3Y;
				GENERATE_INFOPLIST_FILE = YES;
				INFOPLIST_FILE = LichtSpielWidget/Info.plist;
				INFOPLIST_KEY_CFBundleDisplayName = LichtSpielWidget;
				INFOPLIST_KEY_NSHumanReadableCopyright = "Copyright © 2025 x-0o0. All rights reserved.";
				IPHONEOS_DEPLOYMENT_TARGET = 18.0;
				LD_RUNPATH_SEARCH_PATHS = (
					"$(inherited)",
					"@executable_path/Frameworks",
					"@executable_path/../../Frameworks",
				);
				MARKETING_VERSION = 1.2.0;
				PRODUCT_BUNDLE_IDENTIFIER = com.lichtspiel.filmcafe.app.widget;
				PRODUCT_NAME = "$(TARGET_NAME)";
				SKIP_INSTALL = YES;
				SWIFT_EMIT_LOC_STRINGS = YES;
				SWIFT_VERSION = 5.0;
				TARGETED_DEVICE_FAMILY = "1,2";
			};
			name = Release;
		};
		CA79146F2D48012A004DC457 /* Debug */ = {
			isa = XCBuildConfiguration;
			buildSettings = {
				ALWAYS_SEARCH_USER_PATHS = NO;
				ASSETCATALOG_COMPILER_GENERATE_SWIFT_ASSET_SYMBOL_EXTENSIONS = YES;
				CLANG_ANALYZER_NONNULL = YES;
				CLANG_ANALYZER_NUMBER_OBJECT_CONVERSION = YES_AGGRESSIVE;
				CLANG_CXX_LANGUAGE_STANDARD = "gnu++20";
				CLANG_ENABLE_MODULES = YES;
				CLANG_ENABLE_OBJC_ARC = YES;
				CLANG_ENABLE_OBJC_WEAK = YES;
				CLANG_WARN_BLOCK_CAPTURE_AUTORELEASING = YES;
				CLANG_WARN_BOOL_CONVERSION = YES;
				CLANG_WARN_COMMA = YES;
				CLANG_WARN_CONSTANT_CONVERSION = YES;
				CLANG_WARN_DEPRECATED_OBJC_IMPLEMENTATIONS = YES;
				CLANG_WARN_DIRECT_OBJC_ISA_USAGE = YES_ERROR;
				CLANG_WARN_DOCUMENTATION_COMMENTS = YES;
				CLANG_WARN_EMPTY_BODY = YES;
				CLANG_WARN_ENUM_CONVERSION = YES;
				CLANG_WARN_INFINITE_RECURSION = YES;
				CLANG_WARN_INT_CONVERSION = YES;
				CLANG_WARN_NON_LITERAL_NULL_CONVERSION = YES;
				CLANG_WARN_OBJC_IMPLICIT_RETAIN_SELF = YES;
				CLANG_WARN_OBJC_LITERAL_CONVERSION = YES;
				CLANG_WARN_OBJC_ROOT_CLASS = YES_ERROR;
				CLANG_WARN_QUOTED_INCLUDE_IN_FRAMEWORK_HEADER = YES;
				CLANG_WARN_RANGE_LOOP_ANALYSIS = YES;
				CLANG_WARN_STRICT_PROTOTYPES = YES;
				CLANG_WARN_SUSPICIOUS_MOVE = YES;
				CLANG_WARN_UNGUARDED_AVAILABILITY = YES_AGGRESSIVE;
				CLANG_WARN_UNREACHABLE_CODE = YES;
				CLANG_WARN__DUPLICATE_METHOD_MATCH = YES;
				COPY_PHASE_STRIP = NO;
				DEBUG_INFORMATION_FORMAT = dwarf;
				ENABLE_STRICT_OBJC_MSGSEND = YES;
				ENABLE_TESTABILITY = YES;
				ENABLE_USER_SCRIPT_SANDBOXING = YES;
				GCC_C_LANGUAGE_STANDARD = gnu17;
				GCC_DYNAMIC_NO_PIC = NO;
				GCC_NO_COMMON_BLOCKS = YES;
				GCC_OPTIMIZATION_LEVEL = 0;
				GCC_PREPROCESSOR_DEFINITIONS = (
					"DEBUG=1",
					"$(inherited)",
				);
				GCC_WARN_64_TO_32_BIT_CONVERSION = YES;
				GCC_WARN_ABOUT_RETURN_TYPE = YES_ERROR;
				GCC_WARN_UNDECLARED_SELECTOR = YES;
				GCC_WARN_UNINITIALIZED_AUTOS = YES_AGGRESSIVE;
				GCC_WARN_UNUSED_FUNCTION = YES;
				GCC_WARN_UNUSED_VARIABLE = YES;
				IPHONEOS_DEPLOYMENT_TARGET = 18.1;
				LOCALIZATION_PREFERS_STRING_CATALOGS = YES;
				MTL_ENABLE_DEBUG_INFO = INCLUDE_SOURCE;
				MTL_FAST_MATH = YES;
				ONLY_ACTIVE_ARCH = YES;
				SDKROOT = iphoneos;
				SWIFT_ACTIVE_COMPILATION_CONDITIONS = "DEBUG $(inherited)";
				SWIFT_EMIT_LOC_STRINGS = YES;
				SWIFT_OPTIMIZATION_LEVEL = "-Onone";
			};
			name = Debug;
		};
		CA7914702D48012A004DC457 /* Release */ = {
			isa = XCBuildConfiguration;
			buildSettings = {
				ALWAYS_SEARCH_USER_PATHS = NO;
				ASSETCATALOG_COMPILER_GENERATE_SWIFT_ASSET_SYMBOL_EXTENSIONS = YES;
				CLANG_ANALYZER_NONNULL = YES;
				CLANG_ANALYZER_NUMBER_OBJECT_CONVERSION = YES_AGGRESSIVE;
				CLANG_CXX_LANGUAGE_STANDARD = "gnu++20";
				CLANG_ENABLE_MODULES = YES;
				CLANG_ENABLE_OBJC_ARC = YES;
				CLANG_ENABLE_OBJC_WEAK = YES;
				CLANG_WARN_BLOCK_CAPTURE_AUTORELEASING = YES;
				CLANG_WARN_BOOL_CONVERSION = YES;
				CLANG_WARN_COMMA = YES;
				CLANG_WARN_CONSTANT_CONVERSION = YES;
				CLANG_WARN_DEPRECATED_OBJC_IMPLEMENTATIONS = YES;
				CLANG_WARN_DIRECT_OBJC_ISA_USAGE = YES_ERROR;
				CLANG_WARN_DOCUMENTATION_COMMENTS = YES;
				CLANG_WARN_EMPTY_BODY = YES;
				CLANG_WARN_ENUM_CONVERSION = YES;
				CLANG_WARN_INFINITE_RECURSION = YES;
				CLANG_WARN_INT_CONVERSION = YES;
				CLANG_WARN_NON_LITERAL_NULL_CONVERSION = YES;
				CLANG_WARN_OBJC_IMPLICIT_RETAIN_SELF = YES;
				CLANG_WARN_OBJC_LITERAL_CONVERSION = YES;
				CLANG_WARN_OBJC_ROOT_CLASS = YES_ERROR;
				CLANG_WARN_QUOTED_INCLUDE_IN_FRAMEWORK_HEADER = YES;
				CLANG_WARN_RANGE_LOOP_ANALYSIS = YES;
				CLANG_WARN_STRICT_PROTOTYPES = YES;
				CLANG_WARN_SUSPICIOUS_MOVE = YES;
				CLANG_WARN_UNGUARDED_AVAILABILITY = YES_AGGRESSIVE;
				CLANG_WARN_UNREACHABLE_CODE = YES;
				CLANG_WARN__DUPLICATE_METHOD_MATCH = YES;
				COPY_PHASE_STRIP = NO;
				DEBUG_INFORMATION_FORMAT = "dwarf-with-dsym";
				ENABLE_NS_ASSERTIONS = NO;
				ENABLE_STRICT_OBJC_MSGSEND = YES;
				ENABLE_USER_SCRIPT_SANDBOXING = YES;
				GCC_C_LANGUAGE_STANDARD = gnu17;
				GCC_NO_COMMON_BLOCKS = YES;
				GCC_WARN_64_TO_32_BIT_CONVERSION = YES;
				GCC_WARN_ABOUT_RETURN_TYPE = YES_ERROR;
				GCC_WARN_UNDECLARED_SELECTOR = YES;
				GCC_WARN_UNINITIALIZED_AUTOS = YES_AGGRESSIVE;
				GCC_WARN_UNUSED_FUNCTION = YES;
				GCC_WARN_UNUSED_VARIABLE = YES;
				IPHONEOS_DEPLOYMENT_TARGET = 18.1;
				LOCALIZATION_PREFERS_STRING_CATALOGS = YES;
				MTL_ENABLE_DEBUG_INFO = NO;
				MTL_FAST_MATH = YES;
				SDKROOT = iphoneos;
				SWIFT_COMPILATION_MODE = wholemodule;
				SWIFT_EMIT_LOC_STRINGS = YES;
				VALIDATE_PRODUCT = YES;
			};
			name = Release;
		};
		CA7914722D48012A004DC457 /* Debug */ = {
			isa = XCBuildConfiguration;
			buildSettings = {
				ASSETCATALOG_COMPILER_APPICON_NAME = AppIcon;
				ASSETCATALOG_COMPILER_GLOBAL_ACCENT_COLOR_NAME = AccentColor;
				CODE_SIGN_STYLE = Automatic;
				CURRENT_PROJECT_VERSION = 202502051900;
				DEVELOPMENT_ASSET_PATHS = "\"LichtSpiel/Preview Content\"";
				DEVELOPMENT_TEAM = 77CD4KLN3Y;
				ENABLE_PREVIEWS = YES;
				GENERATE_INFOPLIST_FILE = YES;
				INFOPLIST_FILE = LichtSpiel/Info.plist;
				INFOPLIST_KEY_CFBundleDisplayName = "필름카페";
				INFOPLIST_KEY_LSApplicationCategoryType = "public.app-category.photography";
				INFOPLIST_KEY_NSCameraUsageDescription = "사진 촬영을 위해 카메라 사용 권한을 요청합니다";
				INFOPLIST_KEY_NSLocationWhenInUseUsageDescription = "촬영장소 기록을 위해 위치 권한을 요청합니다";
				INFOPLIST_KEY_NSPhotoLibraryAddUsageDescription = "촬영한 사진을 사진앨범에 저장하기 위해 권한을 요청합니다";
				INFOPLIST_KEY_NSPhotoLibraryUsageDescription = "사진앨범 권한을 요청합니다";
				INFOPLIST_KEY_UIApplicationSceneManifest_Generation = YES;
				INFOPLIST_KEY_UIRequiresFullScreen = YES;
				INFOPLIST_KEY_UISupportedInterfaceOrientations = UIInterfaceOrientationPortrait;
				IPHONEOS_DEPLOYMENT_TARGET = 18.0;
				LD_RUNPATH_SEARCH_PATHS = (
					"$(inherited)",
					"@executable_path/Frameworks",
				);
				MARKETING_VERSION = 1.2.0;
				PRODUCT_BUNDLE_IDENTIFIER = com.lichtspiel.filmcafe.app;
				PRODUCT_NAME = "$(TARGET_NAME)";
				SUPPORTED_PLATFORMS = "iphoneos iphonesimulator";
				SUPPORTS_MACCATALYST = NO;
				SWIFT_EMIT_LOC_STRINGS = YES;
				SWIFT_VERSION = 5.0;
				TARGETED_DEVICE_FAMILY = 1;
			};
			name = Debug;
		};
		CA7914732D48012A004DC457 /* Release */ = {
			isa = XCBuildConfiguration;
			buildSettings = {
				ASSETCATALOG_COMPILER_APPICON_NAME = AppIcon;
				ASSETCATALOG_COMPILER_GLOBAL_ACCENT_COLOR_NAME = AccentColor;
				CODE_SIGN_STYLE = Automatic;
				CURRENT_PROJECT_VERSION = 202502051900;
				DEVELOPMENT_ASSET_PATHS = "\"LichtSpiel/Preview Content\"";
				DEVELOPMENT_TEAM = 77CD4KLN3Y;
				ENABLE_PREVIEWS = YES;
				GENERATE_INFOPLIST_FILE = YES;
				INFOPLIST_FILE = LichtSpiel/Info.plist;
				INFOPLIST_KEY_CFBundleDisplayName = "필름카페";
				INFOPLIST_KEY_LSApplicationCategoryType = "public.app-category.photography";
				INFOPLIST_KEY_NSCameraUsageDescription = "사진 촬영을 위해 카메라 사용 권한을 요청합니다";
				INFOPLIST_KEY_NSLocationWhenInUseUsageDescription = "촬영장소 기록을 위해 위치 권한을 요청합니다";
				INFOPLIST_KEY_NSPhotoLibraryAddUsageDescription = "촬영한 사진을 사진앨범에 저장하기 위해 권한을 요청합니다";
				INFOPLIST_KEY_NSPhotoLibraryUsageDescription = "사진앨범 권한을 요청합니다";
				INFOPLIST_KEY_UIApplicationSceneManifest_Generation = YES;
				INFOPLIST_KEY_UIRequiresFullScreen = YES;
				INFOPLIST_KEY_UISupportedInterfaceOrientations = UIInterfaceOrientationPortrait;
				IPHONEOS_DEPLOYMENT_TARGET = 18.0;
				LD_RUNPATH_SEARCH_PATHS = (
					"$(inherited)",
					"@executable_path/Frameworks",
				);
				MARKETING_VERSION = 1.2.0;
				PRODUCT_BUNDLE_IDENTIFIER = com.lichtspiel.filmcafe.app;
				PRODUCT_NAME = "$(TARGET_NAME)";
				SUPPORTED_PLATFORMS = "iphoneos iphonesimulator";
				SUPPORTS_MACCATALYST = NO;
				SWIFT_EMIT_LOC_STRINGS = YES;
				SWIFT_VERSION = 5.0;
				TARGETED_DEVICE_FAMILY = 1;
			};
			name = Release;
		};
/* End XCBuildConfiguration section */

/* Begin XCConfigurationList section */
		CA61FA6C2D50F748007288FC /* Build configuration list for PBXNativeTarget "LichtSpielWidgetExtension" */ = {
			isa = XCConfigurationList;
			buildConfigurations = (
				CA61FA6D2D50F748007288FC /* Debug */,
				CA61FA6E2D50F748007288FC /* Release */,
			);
			defaultConfigurationIsVisible = 0;
			defaultConfigurationName = Release;
		};
		CA79145E2D480129004DC457 /* Build configuration list for PBXProject "LichtSpiel" */ = {
			isa = XCConfigurationList;
			buildConfigurations = (
				CA79146F2D48012A004DC457 /* Debug */,
				CA7914702D48012A004DC457 /* Release */,
			);
			defaultConfigurationIsVisible = 0;
			defaultConfigurationName = Release;
		};
		CA7914712D48012A004DC457 /* Build configuration list for PBXNativeTarget "LichtSpiel" */ = {
			isa = XCConfigurationList;
			buildConfigurations = (
				CA7914722D48012A004DC457 /* Debug */,
				CA7914732D48012A004DC457 /* Release */,
			);
			defaultConfigurationIsVisible = 0;
			defaultConfigurationName = Release;
		};
/* End XCConfigurationList section */

/* Begin XCSwiftPackageProductDependency section */
		CA7916642D491D97004DC457 /* LichtSpielPackage */ = {
			isa = XCSwiftPackageProductDependency;
			productName = LichtSpielPackage;
		};
/* End XCSwiftPackageProductDependency section */
	};
	rootObject = CA79145B2D480129004DC457 /* Project object */;
}
